// !$*UTF8*$!
{
	archiveVersion = 1;
	classes = {
	};
	objectVersion = 55;
	objects = {

/* Begin PBXBuildFile section */
		135D4B1A2842BA0B0054F26F /* AppDelegate.swift in Sources */ = {isa = PBXBuildFile; fileRef = 135D4B192842BA0B0054F26F /* AppDelegate.swift */; };
		135D4B1C2842BA0B0054F26F /* SceneDelegate.swift in Sources */ = {isa = PBXBuildFile; fileRef = 135D4B1B2842BA0B0054F26F /* SceneDelegate.swift */; };
		135D4B232842BA0C0054F26F /* Assets.xcassets in Resources */ = {isa = PBXBuildFile; fileRef = 135D4B222842BA0C0054F26F /* Assets.xcassets */; };
		135D4B262842BA0C0054F26F /* LaunchScreen.storyboard in Resources */ = {isa = PBXBuildFile; fileRef = 135D4B242842BA0C0054F26F /* LaunchScreen.storyboard */; };
		135D4B332842BBD20054F26F /* HomeController.swift in Sources */ = {isa = PBXBuildFile; fileRef = 135D4B322842BBD20054F26F /* HomeController.swift */; };
		136FB55428434F1C00696DE3 /* HomePresenter.swift in Sources */ = {isa = PBXBuildFile; fileRef = 136FB55328434F1C00696DE3 /* HomePresenter.swift */; };
		136FB55628434F2200696DE3 /* HomeInteractor.swift in Sources */ = {isa = PBXBuildFile; fileRef = 136FB55528434F2200696DE3 /* HomeInteractor.swift */; };
		136FB55828434F2800696DE3 /* HomeBuilder.swift in Sources */ = {isa = PBXBuildFile; fileRef = 136FB55728434F2800696DE3 /* HomeBuilder.swift */; };
		136FB55A28434F2F00696DE3 /* HomeRepository.swift in Sources */ = {isa = PBXBuildFile; fileRef = 136FB55928434F2F00696DE3 /* HomeRepository.swift */; };
		136FB55C28434F3700696DE3 /* HomeWireframe.swift in Sources */ = {isa = PBXBuildFile; fileRef = 136FB55B28434F3700696DE3 /* HomeWireframe.swift */; };
		136FB55E28434F4100696DE3 /* HomeViewModel.swift in Sources */ = {isa = PBXBuildFile; fileRef = 136FB55D28434F4100696DE3 /* HomeViewModel.swift */; };
		136FB5642843541800696DE3 /* UIColor+Extension.swift in Sources */ = {isa = PBXBuildFile; fileRef = 136FB5632843541800696DE3 /* UIColor+Extension.swift */; };
		136FB5662843543600696DE3 /* Constants.swift in Sources */ = {isa = PBXBuildFile; fileRef = 136FB5652843543600696DE3 /* Constants.swift */; };
		136FB5682843545300696DE3 /* UIColor.swift in Sources */ = {isa = PBXBuildFile; fileRef = 136FB5672843545300696DE3 /* UIColor.swift */; };
		136FB56D284361A300696DE3 /* HomeCollectionViewCell.swift in Sources */ = {isa = PBXBuildFile; fileRef = 136FB56C284361A300696DE3 /* HomeCollectionViewCell.swift */; };
		136FB56F284361D500696DE3 /* SectionHeaderReusableView.swift in Sources */ = {isa = PBXBuildFile; fileRef = 136FB56E284361D500696DE3 /* SectionHeaderReusableView.swift */; };
		136FB571284361FB00696DE3 /* UIView+Extension.swift in Sources */ = {isa = PBXBuildFile; fileRef = 136FB570284361FB00696DE3 /* UIView+Extension.swift */; };
		136FB5732843630100696DE3 /* HomeCollectionViewCellViewModel.swift in Sources */ = {isa = PBXBuildFile; fileRef = 136FB5722843630100696DE3 /* HomeCollectionViewCellViewModel.swift */; };
		136FB5752843636900696DE3 /* Section.swift in Sources */ = {isa = PBXBuildFile; fileRef = 136FB5742843636900696DE3 /* Section.swift */; };
		136FB5792843754A00696DE3 /* NetworkManager.swift in Sources */ = {isa = PBXBuildFile; fileRef = 136FB5782843754A00696DE3 /* NetworkManager.swift */; };
		136FB57C2843756E00696DE3 /* RequestModel.swift in Sources */ = {isa = PBXBuildFile; fileRef = 136FB57B2843756E00696DE3 /* RequestModel.swift */; };
		136FB57E2843758200696DE3 /* API.swift in Sources */ = {isa = PBXBuildFile; fileRef = 136FB57D2843758200696DE3 /* API.swift */; };
		136FB580284375CB00696DE3 /* RequestMethod.swift in Sources */ = {isa = PBXBuildFile; fileRef = 136FB57F284375CB00696DE3 /* RequestMethod.swift */; };
		136FB582284375E800696DE3 /* ApiError.swift in Sources */ = {isa = PBXBuildFile; fileRef = 136FB581284375E800696DE3 /* ApiError.swift */; };
		136FB5852843761300696DE3 /* LoadingManager.swift in Sources */ = {isa = PBXBuildFile; fileRef = 136FB5842843761300696DE3 /* LoadingManager.swift */; };
		136FB5892843766700696DE3 /* String+Extension.swift in Sources */ = {isa = PBXBuildFile; fileRef = 136FB5882843766700696DE3 /* String+Extension.swift */; };
/* End PBXBuildFile section */

/* Begin PBXFileReference section */
		135D4B162842BA0B0054F26F /* iTunesSearch.app */ = {isa = PBXFileReference; explicitFileType = wrapper.application; includeInIndex = 0; path = iTunesSearch.app; sourceTree = BUILT_PRODUCTS_DIR; };
		135D4B192842BA0B0054F26F /* AppDelegate.swift */ = {isa = PBXFileReference; lastKnownFileType = sourcecode.swift; path = AppDelegate.swift; sourceTree = "<group>"; };
		135D4B1B2842BA0B0054F26F /* SceneDelegate.swift */ = {isa = PBXFileReference; lastKnownFileType = sourcecode.swift; path = SceneDelegate.swift; sourceTree = "<group>"; };
		135D4B222842BA0C0054F26F /* Assets.xcassets */ = {isa = PBXFileReference; lastKnownFileType = folder.assetcatalog; path = Assets.xcassets; sourceTree = "<group>"; };
		135D4B252842BA0C0054F26F /* Base */ = {isa = PBXFileReference; lastKnownFileType = file.storyboard; name = Base; path = Base.lproj/LaunchScreen.storyboard; sourceTree = "<group>"; };
		135D4B272842BA0C0054F26F /* Info.plist */ = {isa = PBXFileReference; lastKnownFileType = text.plist.xml; path = Info.plist; sourceTree = "<group>"; };
		135D4B322842BBD20054F26F /* HomeController.swift */ = {isa = PBXFileReference; lastKnownFileType = sourcecode.swift; path = HomeController.swift; sourceTree = "<group>"; };
		136FB55328434F1C00696DE3 /* HomePresenter.swift */ = {isa = PBXFileReference; lastKnownFileType = sourcecode.swift; path = HomePresenter.swift; sourceTree = "<group>"; };
		136FB55528434F2200696DE3 /* HomeInteractor.swift */ = {isa = PBXFileReference; lastKnownFileType = sourcecode.swift; path = HomeInteractor.swift; sourceTree = "<group>"; };
		136FB55728434F2800696DE3 /* HomeBuilder.swift */ = {isa = PBXFileReference; lastKnownFileType = sourcecode.swift; path = HomeBuilder.swift; sourceTree = "<group>"; };
		136FB55928434F2F00696DE3 /* HomeRepository.swift */ = {isa = PBXFileReference; lastKnownFileType = sourcecode.swift; path = HomeRepository.swift; sourceTree = "<group>"; };
		136FB55B28434F3700696DE3 /* HomeWireframe.swift */ = {isa = PBXFileReference; lastKnownFileType = sourcecode.swift; path = HomeWireframe.swift; sourceTree = "<group>"; };
		136FB55D28434F4100696DE3 /* HomeViewModel.swift */ = {isa = PBXFileReference; lastKnownFileType = sourcecode.swift; path = HomeViewModel.swift; sourceTree = "<group>"; };
		136FB5632843541800696DE3 /* UIColor+Extension.swift */ = {isa = PBXFileReference; lastKnownFileType = sourcecode.swift; path = "UIColor+Extension.swift"; sourceTree = "<group>"; };
		136FB5652843543600696DE3 /* Constants.swift */ = {isa = PBXFileReference; lastKnownFileType = sourcecode.swift; path = Constants.swift; sourceTree = "<group>"; };
		136FB5672843545300696DE3 /* UIColor.swift */ = {isa = PBXFileReference; lastKnownFileType = sourcecode.swift; path = UIColor.swift; sourceTree = "<group>"; };
		136FB56C284361A300696DE3 /* HomeCollectionViewCell.swift */ = {isa = PBXFileReference; lastKnownFileType = sourcecode.swift; path = HomeCollectionViewCell.swift; sourceTree = "<group>"; };
		136FB56E284361D500696DE3 /* SectionHeaderReusableView.swift */ = {isa = PBXFileReference; lastKnownFileType = sourcecode.swift; path = SectionHeaderReusableView.swift; sourceTree = "<group>"; };
		136FB570284361FB00696DE3 /* UIView+Extension.swift */ = {isa = PBXFileReference; lastKnownFileType = sourcecode.swift; path = "UIView+Extension.swift"; sourceTree = "<group>"; };
		136FB5722843630100696DE3 /* HomeCollectionViewCellViewModel.swift */ = {isa = PBXFileReference; lastKnownFileType = sourcecode.swift; path = HomeCollectionViewCellViewModel.swift; sourceTree = "<group>"; };
		136FB5742843636900696DE3 /* Section.swift */ = {isa = PBXFileReference; lastKnownFileType = sourcecode.swift; path = Section.swift; sourceTree = "<group>"; };
		136FB5782843754A00696DE3 /* NetworkManager.swift */ = {isa = PBXFileReference; lastKnownFileType = sourcecode.swift; path = NetworkManager.swift; sourceTree = "<group>"; };
		136FB57B2843756E00696DE3 /* RequestModel.swift */ = {isa = PBXFileReference; lastKnownFileType = sourcecode.swift; path = RequestModel.swift; sourceTree = "<group>"; };
		136FB57D2843758200696DE3 /* API.swift */ = {isa = PBXFileReference; lastKnownFileType = sourcecode.swift; path = API.swift; sourceTree = "<group>"; };
		136FB57F284375CB00696DE3 /* RequestMethod.swift */ = {isa = PBXFileReference; lastKnownFileType = sourcecode.swift; path = RequestMethod.swift; sourceTree = "<group>"; };
		136FB581284375E800696DE3 /* ApiError.swift */ = {isa = PBXFileReference; lastKnownFileType = sourcecode.swift; path = ApiError.swift; sourceTree = "<group>"; };
		136FB5842843761300696DE3 /* LoadingManager.swift */ = {isa = PBXFileReference; lastKnownFileType = sourcecode.swift; path = LoadingManager.swift; sourceTree = "<group>"; };
		136FB5882843766700696DE3 /* String+Extension.swift */ = {isa = PBXFileReference; lastKnownFileType = sourcecode.swift; path = "String+Extension.swift"; sourceTree = "<group>"; };
/* End PBXFileReference section */

/* Begin PBXFrameworksBuildPhase section */
		135D4B132842BA0B0054F26F /* Frameworks */ = {
			isa = PBXFrameworksBuildPhase;
			buildActionMask = 2147483647;
			files = (
			);
			runOnlyForDeploymentPostprocessing = 0;
		};
/* End PBXFrameworksBuildPhase section */

/* Begin PBXGroup section */
		135D4B0D2842BA0B0054F26F = {
			isa = PBXGroup;
			children = (
				135D4B182842BA0B0054F26F /* iTunesSearch */,
				135D4B172842BA0B0054F26F /* Products */,
			);
			sourceTree = "<group>";
		};
		135D4B172842BA0B0054F26F /* Products */ = {
			isa = PBXGroup;
			children = (
				135D4B162842BA0B0054F26F /* iTunesSearch.app */,
			);
			name = Products;
			sourceTree = "<group>";
		};
		135D4B182842BA0B0054F26F /* iTunesSearch */ = {
			isa = PBXGroup;
			children = (
				136FB57A2843756400696DE3 /* Models */,
				136FB5762843753700696DE3 /* Managers */,
				135D4B2F2842BB980054F26F /* Modules */,
				135D4B2E2842BB8F0054F26F /* Resources */,
				135D4B2D2842BB7B0054F26F /* Supports */,
				136FB55F2843540000696DE3 /* Utilities */,
			);
			path = iTunesSearch;
			sourceTree = "<group>";
		};
		135D4B2D2842BB7B0054F26F /* Supports */ = {
			isa = PBXGroup;
			children = (
				135D4B272842BA0C0054F26F /* Info.plist */,
				135D4B192842BA0B0054F26F /* AppDelegate.swift */,
				135D4B1B2842BA0B0054F26F /* SceneDelegate.swift */,
			);
			path = Supports;
			sourceTree = "<group>";
		};
		135D4B2E2842BB8F0054F26F /* Resources */ = {
			isa = PBXGroup;
			children = (
				135D4B222842BA0C0054F26F /* Assets.xcassets */,
			);
			path = Resources;
			sourceTree = "<group>";
		};
		135D4B2F2842BB980054F26F /* Modules */ = {
			isa = PBXGroup;
			children = (
				135D4B312842BBAC0054F26F /* Home */,
				135D4B302842BBA30054F26F /* LaunchScreen */,
			);
			path = Modules;
			sourceTree = "<group>";
		};
		135D4B302842BBA30054F26F /* LaunchScreen */ = {
			isa = PBXGroup;
			children = (
				135D4B242842BA0C0054F26F /* LaunchScreen.storyboard */,
			);
			path = LaunchScreen;
			sourceTree = "<group>";
		};
		135D4B312842BBAC0054F26F /* Home */ = {
			isa = PBXGroup;
			children = (
				136FB55228434F0600696DE3 /* Builder */,
				136FB54D28434ECD00696DE3 /* Interactor */,
				136FB54E28434ED300696DE3 /* Presenter */,
				136FB54F28434ED700696DE3 /* Repository */,
				136FB54C28434EC100696DE3 /* View */,
				136FB55128434EFD00696DE3 /* ViewModel */,
				136FB55028434EE700696DE3 /* Wireframe */,
			);
			path = Home;
			sourceTree = "<group>";
		};
		136FB54C28434EC100696DE3 /* View */ = {
			isa = PBXGroup;
			children = (
				135D4B322842BBD20054F26F /* HomeController.swift */,
				136FB5692843617600696DE3 /* View */,
			);
			path = View;
			sourceTree = "<group>";
		};
		136FB54D28434ECD00696DE3 /* Interactor */ = {
			isa = PBXGroup;
			children = (
				136FB55528434F2200696DE3 /* HomeInteractor.swift */,
			);
			path = Interactor;
			sourceTree = "<group>";
		};
		136FB54E28434ED300696DE3 /* Presenter */ = {
			isa = PBXGroup;
			children = (
				136FB55328434F1C00696DE3 /* HomePresenter.swift */,
			);
			path = Presenter;
			sourceTree = "<group>";
		};
		136FB54F28434ED700696DE3 /* Repository */ = {
			isa = PBXGroup;
			children = (
				136FB55928434F2F00696DE3 /* HomeRepository.swift */,
			);
			path = Repository;
			sourceTree = "<group>";
		};
		136FB55028434EE700696DE3 /* Wireframe */ = {
			isa = PBXGroup;
			children = (
				136FB55B28434F3700696DE3 /* HomeWireframe.swift */,
			);
			path = Wireframe;
			sourceTree = "<group>";
		};
		136FB55128434EFD00696DE3 /* ViewModel */ = {
			isa = PBXGroup;
			children = (
				136FB55D28434F4100696DE3 /* HomeViewModel.swift */,
			);
			path = ViewModel;
			sourceTree = "<group>";
		};
		136FB55228434F0600696DE3 /* Builder */ = {
			isa = PBXGroup;
			children = (
				136FB55728434F2800696DE3 /* HomeBuilder.swift */,
			);
			path = Builder;
			sourceTree = "<group>";
		};
		136FB55F2843540000696DE3 /* Utilities */ = {
			isa = PBXGroup;
			children = (
				136FB5602843540300696DE3 /* Constants */,
				136FB5622843540D00696DE3 /* Extensions */,
			);
			path = Utilities;
			sourceTree = "<group>";
		};
		136FB5602843540300696DE3 /* Constants */ = {
			isa = PBXGroup;
			children = (
				136FB5652843543600696DE3 /* Constants.swift */,
				136FB5672843545300696DE3 /* UIColor.swift */,
				136FB57D2843758200696DE3 /* API.swift */,
			);
			path = Constants;
			sourceTree = "<group>";
		};
		136FB5622843540D00696DE3 /* Extensions */ = {
			isa = PBXGroup;
			children = (
				136FB5882843766700696DE3 /* String+Extension.swift */,
				136FB5632843541800696DE3 /* UIColor+Extension.swift */,
				136FB570284361FB00696DE3 /* UIView+Extension.swift */,
			);
			path = Extensions;
			sourceTree = "<group>";
		};
		136FB5692843617600696DE3 /* View */ = {
			isa = PBXGroup;
			children = (
				136FB56A2843618300696DE3 /* HomeCollectionViewCell */,
				136FB56B2843618D00696DE3 /* SectionHeaderReusableView */,
			);
			path = View;
			sourceTree = "<group>";
		};
		136FB56A2843618300696DE3 /* HomeCollectionViewCell */ = {
			isa = PBXGroup;
			children = (
				136FB56C284361A300696DE3 /* HomeCollectionViewCell.swift */,
				136FB5722843630100696DE3 /* HomeCollectionViewCellViewModel.swift */,
			);
			path = HomeCollectionViewCell;
			sourceTree = "<group>";
		};
		136FB56B2843618D00696DE3 /* SectionHeaderReusableView */ = {
			isa = PBXGroup;
			children = (
				136FB5742843636900696DE3 /* Section.swift */,
				136FB56E284361D500696DE3 /* SectionHeaderReusableView.swift */,
			);
			path = SectionHeaderReusableView;
			sourceTree = "<group>";
		};
		136FB5762843753700696DE3 /* Managers */ = {
			isa = PBXGroup;
			children = (
				136FB5832843760100696DE3 /* LoadingManager */,
				136FB5772843753E00696DE3 /* NetworkManager */,
			);
			path = Managers;
			sourceTree = "<group>";
		};
		136FB5772843753E00696DE3 /* NetworkManager */ = {
			isa = PBXGroup;
			children = (
				136FB5782843754A00696DE3 /* NetworkManager.swift */,
				136FB5862843763B00696DE3 /* ApiError */,
				136FB5872843764300696DE3 /* RequestMethod */,
			);
			path = NetworkManager;
			sourceTree = "<group>";
		};
		136FB57A2843756400696DE3 /* Models */ = {
			isa = PBXGroup;
			children = (
				136FB57B2843756E00696DE3 /* RequestModel.swift */,
			);
			path = Models;
			sourceTree = "<group>";
		};
		136FB5832843760100696DE3 /* LoadingManager */ = {
			isa = PBXGroup;
			children = (
				136FB5842843761300696DE3 /* LoadingManager.swift */,
			);
			path = LoadingManager;
			sourceTree = "<group>";
		};
		136FB5862843763B00696DE3 /* ApiError */ = {
			isa = PBXGroup;
			children = (
				136FB581284375E800696DE3 /* ApiError.swift */,
			);
			path = ApiError;
			sourceTree = "<group>";
		};
		136FB5872843764300696DE3 /* RequestMethod */ = {
			isa = PBXGroup;
			children = (
				136FB57F284375CB00696DE3 /* RequestMethod.swift */,
			);
			path = RequestMethod;
			sourceTree = "<group>";
		};
/* End PBXGroup section */

/* Begin PBXNativeTarget section */
		135D4B152842BA0B0054F26F /* iTunesSearch */ = {
			isa = PBXNativeTarget;
			buildConfigurationList = 135D4B2A2842BA0C0054F26F /* Build configuration list for PBXNativeTarget "iTunesSearch" */;
			buildPhases = (
				135D4B122842BA0B0054F26F /* Sources */,
				135D4B132842BA0B0054F26F /* Frameworks */,
				135D4B142842BA0B0054F26F /* Resources */,
			);
			buildRules = (
			);
			dependencies = (
			);
			name = iTunesSearch;
			productName = iTunesSearch;
			productReference = 135D4B162842BA0B0054F26F /* iTunesSearch.app */;
			productType = "com.apple.product-type.application";
		};
/* End PBXNativeTarget section */

/* Begin PBXProject section */
		135D4B0E2842BA0B0054F26F /* Project object */ = {
			isa = PBXProject;
			attributes = {
				BuildIndependentTargetsInParallel = 1;
				LastSwiftUpdateCheck = 1330;
				LastUpgradeCheck = 1330;
				TargetAttributes = {
					135D4B152842BA0B0054F26F = {
						CreatedOnToolsVersion = 13.3.1;
					};
				};
			};
			buildConfigurationList = 135D4B112842BA0B0054F26F /* Build configuration list for PBXProject "iTunesSearch" */;
			compatibilityVersion = "Xcode 13.0";
			developmentRegion = en;
			hasScannedForEncodings = 0;
			knownRegions = (
				en,
				Base,
			);
			mainGroup = 135D4B0D2842BA0B0054F26F;
			productRefGroup = 135D4B172842BA0B0054F26F /* Products */;
			projectDirPath = "";
			projectRoot = "";
			targets = (
				135D4B152842BA0B0054F26F /* iTunesSearch */,
			);
		};
/* End PBXProject section */

/* Begin PBXResourcesBuildPhase section */
		135D4B142842BA0B0054F26F /* Resources */ = {
			isa = PBXResourcesBuildPhase;
			buildActionMask = 2147483647;
			files = (
				135D4B262842BA0C0054F26F /* LaunchScreen.storyboard in Resources */,
				135D4B232842BA0C0054F26F /* Assets.xcassets in Resources */,
			);
			runOnlyForDeploymentPostprocessing = 0;
		};
/* End PBXResourcesBuildPhase section */

/* Begin PBXSourcesBuildPhase section */
		135D4B122842BA0B0054F26F /* Sources */ = {
			isa = PBXSourcesBuildPhase;
			buildActionMask = 2147483647;
			files = (
				136FB5792843754A00696DE3 /* NetworkManager.swift in Sources */,
				136FB5752843636900696DE3 /* Section.swift in Sources */,
				136FB55828434F2800696DE3 /* HomeBuilder.swift in Sources */,
				136FB5682843545300696DE3 /* UIColor.swift in Sources */,
				136FB580284375CB00696DE3 /* RequestMethod.swift in Sources */,
				136FB57C2843756E00696DE3 /* RequestModel.swift in Sources */,
				136FB5662843543600696DE3 /* Constants.swift in Sources */,
				136FB571284361FB00696DE3 /* UIView+Extension.swift in Sources */,
				136FB55E28434F4100696DE3 /* HomeViewModel.swift in Sources */,
				136FB55C28434F3700696DE3 /* HomeWireframe.swift in Sources */,
				136FB56D284361A300696DE3 /* HomeCollectionViewCell.swift in Sources */,
				136FB582284375E800696DE3 /* ApiError.swift in Sources */,
				136FB55A28434F2F00696DE3 /* HomeRepository.swift in Sources */,
				135D4B1A2842BA0B0054F26F /* AppDelegate.swift in Sources */,
				135D4B1C2842BA0B0054F26F /* SceneDelegate.swift in Sources */,
				135D4B332842BBD20054F26F /* HomeController.swift in Sources */,
				136FB5892843766700696DE3 /* String+Extension.swift in Sources */,
				136FB57E2843758200696DE3 /* API.swift in Sources */,
				136FB56F284361D500696DE3 /* SectionHeaderReusableView.swift in Sources */,
				136FB5732843630100696DE3 /* HomeCollectionViewCellViewModel.swift in Sources */,
				136FB5852843761300696DE3 /* LoadingManager.swift in Sources */,
				136FB55628434F2200696DE3 /* HomeInteractor.swift in Sources */,
				136FB55428434F1C00696DE3 /* HomePresenter.swift in Sources */,
				136FB5642843541800696DE3 /* UIColor+Extension.swift in Sources */,
			);
			runOnlyForDeploymentPostprocessing = 0;
		};
/* End PBXSourcesBuildPhase section */

/* Begin PBXVariantGroup section */
		135D4B242842BA0C0054F26F /* LaunchScreen.storyboard */ = {
			isa = PBXVariantGroup;
			children = (
				135D4B252842BA0C0054F26F /* Base */,
			);
			name = LaunchScreen.storyboard;
			sourceTree = "<group>";
		};
/* End PBXVariantGroup section */

/* Begin XCBuildConfiguration section */
		135D4B282842BA0C0054F26F /* Debug */ = {
			isa = XCBuildConfiguration;
			buildSettings = {
				ALWAYS_SEARCH_USER_PATHS = NO;
				CLANG_ANALYZER_NONNULL = YES;
				CLANG_ANALYZER_NUMBER_OBJECT_CONVERSION = YES_AGGRESSIVE;
				CLANG_CXX_LANGUAGE_STANDARD = "gnu++17";
				CLANG_ENABLE_MODULES = YES;
				CLANG_ENABLE_OBJC_ARC = YES;
				CLANG_ENABLE_OBJC_WEAK = YES;
				CLANG_WARN_BLOCK_CAPTURE_AUTORELEASING = YES;
				CLANG_WARN_BOOL_CONVERSION = YES;
				CLANG_WARN_COMMA = YES;
				CLANG_WARN_CONSTANT_CONVERSION = YES;
				CLANG_WARN_DEPRECATED_OBJC_IMPLEMENTATIONS = YES;
				CLANG_WARN_DIRECT_OBJC_ISA_USAGE = YES_ERROR;
				CLANG_WARN_DOCUMENTATION_COMMENTS = YES;
				CLANG_WARN_EMPTY_BODY = YES;
				CLANG_WARN_ENUM_CONVERSION = YES;
				CLANG_WARN_INFINITE_RECURSION = YES;
				CLANG_WARN_INT_CONVERSION = YES;
				CLANG_WARN_NON_LITERAL_NULL_CONVERSION = YES;
				CLANG_WARN_OBJC_IMPLICIT_RETAIN_SELF = YES;
				CLANG_WARN_OBJC_LITERAL_CONVERSION = YES;
				CLANG_WARN_OBJC_ROOT_CLASS = YES_ERROR;
				CLANG_WARN_QUOTED_INCLUDE_IN_FRAMEWORK_HEADER = YES;
				CLANG_WARN_RANGE_LOOP_ANALYSIS = YES;
				CLANG_WARN_STRICT_PROTOTYPES = YES;
				CLANG_WARN_SUSPICIOUS_MOVE = YES;
				CLANG_WARN_UNGUARDED_AVAILABILITY = YES_AGGRESSIVE;
				CLANG_WARN_UNREACHABLE_CODE = YES;
				CLANG_WARN__DUPLICATE_METHOD_MATCH = YES;
				COPY_PHASE_STRIP = NO;
				DEBUG_INFORMATION_FORMAT = dwarf;
				ENABLE_STRICT_OBJC_MSGSEND = YES;
				ENABLE_TESTABILITY = YES;
				GCC_C_LANGUAGE_STANDARD = gnu11;
				GCC_DYNAMIC_NO_PIC = NO;
				GCC_NO_COMMON_BLOCKS = YES;
				GCC_OPTIMIZATION_LEVEL = 0;
				GCC_PREPROCESSOR_DEFINITIONS = (
					"DEBUG=1",
					"$(inherited)",
				);
				GCC_WARN_64_TO_32_BIT_CONVERSION = YES;
				GCC_WARN_ABOUT_RETURN_TYPE = YES_ERROR;
				GCC_WARN_UNDECLARED_SELECTOR = YES;
				GCC_WARN_UNINITIALIZED_AUTOS = YES_AGGRESSIVE;
				GCC_WARN_UNUSED_FUNCTION = YES;
				GCC_WARN_UNUSED_VARIABLE = YES;
				IPHONEOS_DEPLOYMENT_TARGET = 15.4;
				MTL_ENABLE_DEBUG_INFO = INCLUDE_SOURCE;
				MTL_FAST_MATH = YES;
				ONLY_ACTIVE_ARCH = YES;
				SDKROOT = iphoneos;
				SWIFT_ACTIVE_COMPILATION_CONDITIONS = DEBUG;
				SWIFT_OPTIMIZATION_LEVEL = "-Onone";
			};
			name = Debug;
		};
		135D4B292842BA0C0054F26F /* Release */ = {
			isa = XCBuildConfiguration;
			buildSettings = {
				ALWAYS_SEARCH_USER_PATHS = NO;
				CLANG_ANALYZER_NONNULL = YES;
				CLANG_ANALYZER_NUMBER_OBJECT_CONVERSION = YES_AGGRESSIVE;
				CLANG_CXX_LANGUAGE_STANDARD = "gnu++17";
				CLANG_ENABLE_MODULES = YES;
				CLANG_ENABLE_OBJC_ARC = YES;
				CLANG_ENABLE_OBJC_WEAK = YES;
				CLANG_WARN_BLOCK_CAPTURE_AUTORELEASING = YES;
				CLANG_WARN_BOOL_CONVERSION = YES;
				CLANG_WARN_COMMA = YES;
				CLANG_WARN_CONSTANT_CONVERSION = YES;
				CLANG_WARN_DEPRECATED_OBJC_IMPLEMENTATIONS = YES;
				CLANG_WARN_DIRECT_OBJC_ISA_USAGE = YES_ERROR;
				CLANG_WARN_DOCUMENTATION_COMMENTS = YES;
				CLANG_WARN_EMPTY_BODY = YES;
				CLANG_WARN_ENUM_CONVERSION = YES;
				CLANG_WARN_INFINITE_RECURSION = YES;
				CLANG_WARN_INT_CONVERSION = YES;
				CLANG_WARN_NON_LITERAL_NULL_CONVERSION = YES;
				CLANG_WARN_OBJC_IMPLICIT_RETAIN_SELF = YES;
				CLANG_WARN_OBJC_LITERAL_CONVERSION = YES;
				CLANG_WARN_OBJC_ROOT_CLASS = YES_ERROR;
				CLANG_WARN_QUOTED_INCLUDE_IN_FRAMEWORK_HEADER = YES;
				CLANG_WARN_RANGE_LOOP_ANALYSIS = YES;
				CLANG_WARN_STRICT_PROTOTYPES = YES;
				CLANG_WARN_SUSPICIOUS_MOVE = YES;
				CLANG_WARN_UNGUARDED_AVAILABILITY = YES_AGGRESSIVE;
				CLANG_WARN_UNREACHABLE_CODE = YES;
				CLANG_WARN__DUPLICATE_METHOD_MATCH = YES;
				COPY_PHASE_STRIP = NO;
				DEBUG_INFORMATION_FORMAT = "dwarf-with-dsym";
				ENABLE_NS_ASSERTIONS = NO;
				ENABLE_STRICT_OBJC_MSGSEND = YES;
				GCC_C_LANGUAGE_STANDARD = gnu11;
				GCC_NO_COMMON_BLOCKS = YES;
				GCC_WARN_64_TO_32_BIT_CONVERSION = YES;
				GCC_WARN_ABOUT_RETURN_TYPE = YES_ERROR;
				GCC_WARN_UNDECLARED_SELECTOR = YES;
				GCC_WARN_UNINITIALIZED_AUTOS = YES_AGGRESSIVE;
				GCC_WARN_UNUSED_FUNCTION = YES;
				GCC_WARN_UNUSED_VARIABLE = YES;
				IPHONEOS_DEPLOYMENT_TARGET = 15.4;
				MTL_ENABLE_DEBUG_INFO = NO;
				MTL_FAST_MATH = YES;
				SDKROOT = iphoneos;
				SWIFT_COMPILATION_MODE = wholemodule;
				SWIFT_OPTIMIZATION_LEVEL = "-O";
				VALIDATE_PRODUCT = YES;
			};
			name = Release;
		};
		135D4B2B2842BA0C0054F26F /* Debug */ = {
			isa = XCBuildConfiguration;
			buildSettings = {
				ASSETCATALOG_COMPILER_APPICON_NAME = AppIcon;
				ASSETCATALOG_COMPILER_GLOBAL_ACCENT_COLOR_NAME = AccentColor;
				CODE_SIGN_STYLE = Automatic;
				CURRENT_PROJECT_VERSION = 1;
				DEVELOPMENT_TEAM = RMTY324S26;
				GENERATE_INFOPLIST_FILE = YES;
				INFOPLIST_FILE = iTunesSearch/Supports/Info.plist;
				INFOPLIST_KEY_UIApplicationSupportsIndirectInputEvents = YES;
				INFOPLIST_KEY_UILaunchStoryboardName = LaunchScreen;
				INFOPLIST_KEY_UISupportedInterfaceOrientations = UIInterfaceOrientationPortrait;
				INFOPLIST_KEY_UISupportedInterfaceOrientations_iPad = "UIInterfaceOrientationPortrait UIInterfaceOrientationPortraitUpsideDown UIInterfaceOrientationLandscapeLeft UIInterfaceOrientationLandscapeRight";
				INFOPLIST_KEY_UISupportedInterfaceOrientations_iPhone = "UIInterfaceOrientationPortrait UIInterfaceOrientationLandscapeLeft UIInterfaceOrientationLandscapeRight";
				IPHONEOS_DEPLOYMENT_TARGET = 15.0;
				LD_RUNPATH_SEARCH_PATHS = (
					"$(inherited)",
					"@executable_path/Frameworks",
				);
				MARKETING_VERSION = 1.0;
				PRODUCT_BUNDLE_IDENTIFIER = com.bugrayenidunya.iTunesSearch;
				PRODUCT_NAME = "$(TARGET_NAME)";
				SWIFT_EMIT_LOC_STRINGS = YES;
				SWIFT_VERSION = 5.0;
				TARGETED_DEVICE_FAMILY = 1;
			};
			name = Debug;
		};
		135D4B2C2842BA0C0054F26F /* Release */ = {
			isa = XCBuildConfiguration;
			buildSettings = {
				ASSETCATALOG_COMPILER_APPICON_NAME = AppIcon;
				ASSETCATALOG_COMPILER_GLOBAL_ACCENT_COLOR_NAME = AccentColor;
				CODE_SIGN_STYLE = Automatic;
				CURRENT_PROJECT_VERSION = 1;
				DEVELOPMENT_TEAM = RMTY324S26;
				GENERATE_INFOPLIST_FILE = YES;
				INFOPLIST_FILE = iTunesSearch/Supports/Info.plist;
				INFOPLIST_KEY_UIApplicationSupportsIndirectInputEvents = YES;
				INFOPLIST_KEY_UILaunchStoryboardName = LaunchScreen;
				INFOPLIST_KEY_UISupportedInterfaceOrientations = UIInterfaceOrientationPortrait;
				INFOPLIST_KEY_UISupportedInterfaceOrientations_iPad = "UIInterfaceOrientationPortrait UIInterfaceOrientationPortraitUpsideDown UIInterfaceOrientationLandscapeLeft UIInterfaceOrientationLandscapeRight";
				INFOPLIST_KEY_UISupportedInterfaceOrientations_iPhone = "UIInterfaceOrientationPortrait UIInterfaceOrientationLandscapeLeft UIInterfaceOrientationLandscapeRight";
				IPHONEOS_DEPLOYMENT_TARGET = 15.0;
				LD_RUNPATH_SEARCH_PATHS = (
					"$(inherited)",
					"@executable_path/Frameworks",
				);
				MARKETING_VERSION = 1.0;
				PRODUCT_BUNDLE_IDENTIFIER = com.bugrayenidunya.iTunesSearch;
				PRODUCT_NAME = "$(TARGET_NAME)";
				SWIFT_EMIT_LOC_STRINGS = YES;
				SWIFT_VERSION = 5.0;
				TARGETED_DEVICE_FAMILY = 1;
			};
			name = Release;
		};
/* End XCBuildConfiguration section */

/* Begin XCConfigurationList section */
		135D4B112842BA0B0054F26F /* Build configuration list for PBXProject "iTunesSearch" */ = {
			isa = XCConfigurationList;
			buildConfigurations = (
				135D4B282842BA0C0054F26F /* Debug */,
				135D4B292842BA0C0054F26F /* Release */,
			);
			defaultConfigurationIsVisible = 0;
			defaultConfigurationName = Release;
		};
		135D4B2A2842BA0C0054F26F /* Build configuration list for PBXNativeTarget "iTunesSearch" */ = {
			isa = XCConfigurationList;
			buildConfigurations = (
				135D4B2B2842BA0C0054F26F /* Debug */,
				135D4B2C2842BA0C0054F26F /* Release */,
			);
			defaultConfigurationIsVisible = 0;
			defaultConfigurationName = Release;
		};
/* End XCConfigurationList section */
	};
	rootObject = 135D4B0E2842BA0B0054F26F /* Project object */;
}
